
Microsoft Visual Studio Solution File, Format Version 12.00
# Visual Studio Version 16
VisualStudioVersion = 16.0.30309.148
MinimumVisualStudioVersion = 10.0.40219.1
Project("{FAE04EC0-301F-11D3-BF4B-00C04F79EFBC}") = "SchedulingDataModel", "SchedulingDataModel\SchedulingDataModel.csproj", "{3EBC95BB-CF57-4ED0-A4BE-4E953079F01F}"
EndProject
Project("{FAE04EC0-301F-11D3-BF4B-00C04F79EFBC}") = "SchedulingForms", "SchedulingForms\SchedulingForms.csproj", "{268A84C2-F34C-4E1B-8DC1-0B317891BE43}"
EndProject
Global
	GlobalSection(SolutionConfigurationPlatforms) = preSolution
		Debug|Any CPU = Debug|Any CPU
		Release|Any CPU = Release|Any CPU
	EndGlobalSection
	GlobalSection(ProjectConfigurationPlatforms) = postSolution
		{3EBC95BB-CF57-4ED0-A4BE-4E953079F01F}.Debug|Any CPU.ActiveCfg = Debug|Any CPU
		{3EBC95BB-CF57-4ED0-A4BE-4E953079F01F}.Debug|Any CPU.Build.0 = Debug|Any CPU
		{3EBC95BB-CF57-4ED0-A4BE-4E953079F01F}.Release|Any CPU.ActiveCfg = Release|Any CPU
		{3EBC95BB-CF57-4ED0-A4BE-4E953079F01F}.Release|Any CPU.Build.0 = Release|Any CPU
		{268A84C2-F34C-4E1B-8DC1-0B317891BE43}.Debug|Any CPU.ActiveCfg = Debug|Any CPU
		{268A84C2-F34C-4E1B-8DC1-0B317891BE43}.Debug|Any CPU.Build.0 = Debug|Any CPU
		{268A84C2-F34C-4E1B-8DC1-0B317891BE43}.Release|Any CPU.ActiveCfg = Release|Any CPU
		{268A84C2-F34C-4E1B-8DC1-0B317891BE43}.Release|Any CPU.Build.0 = Release|Any CPU
	EndGlobalSection
	GlobalSection(SolutionProperties) = preSolution
		HideSolutionNode = FALSE
	EndGlobalSection
	GlobalSection(ExtensibilityGlobals) = postSolution
		SolutionGuid = {82FDA2DE-C54A-4FA7-9971-3E927F825652}
	EndGlobalSection
EndGlobal
